PODS:
  - Alamofire (4.7.3)
  - CryptoSwift (0.12.0)
  - Differentiator (3.1.0)
  - Firebase/Core (8.6.1):
    - Firebase/CoreOnly
    - FirebaseAnalytics (~> 8.6.0)
  - Firebase/CoreOnly (8.6.1):
    - FirebaseCore (= 8.6.1)
  - FirebaseAnalytics (8.6.0):
    - FirebaseAnalytics/AdIdSupport (= 8.6.0)
    - FirebaseCore (~> 8.0)
    - FirebaseInstallations (~> 8.0)
    - GoogleUtilities/AppDelegateSwizzler (~> 7.4)
    - GoogleUtilities/MethodSwizzler (~> 7.4)
    - GoogleUtilities/Network (~> 7.4)
    - "GoogleUtilities/NSData+zlib (~> 7.4)"
    - nanopb (~> 2.30908.0)
  - FirebaseAnalytics/AdIdSupport (8.6.0):
    - FirebaseCore (~> 8.0)
    - FirebaseInstallations (~> 8.0)
    - GoogleAppMeasurement (= 8.6.0)
    - GoogleUtilities/AppDelegateSwizzler (~> 7.4)
    - GoogleUtilities/MethodSwizzler (~> 7.4)
    - GoogleUtilities/Network (~> 7.4)
    - "GoogleUtilities/NSData+zlib (~> 7.4)"
    - nanopb (~> 2.30908.0)
  - FirebaseCore (8.6.1):
    - FirebaseCoreDiagnostics (~> 8.0)
    - GoogleUtilities/Environment (~> 7.4)
    - GoogleUtilities/Logger (~> 7.4)
  - FirebaseCoreDiagnostics (8.6.0):
    - GoogleDataTransport (~> 9.0)
    - GoogleUtilities/Environment (~> 7.4)
    - GoogleUtilities/Logger (~> 7.4)
    - nanopb (~> 2.30908.0)
  - FirebaseInstallations (8.6.0):
    - FirebaseCore (~> 8.0)
    - GoogleUtilities/Environment (~> 7.4)
    - GoogleUtilities/UserDefaults (~> 7.4)
    - PromisesObjC (< 3.0, >= 1.2)
  - GoogleAppMeasurement (8.6.0):
    - GoogleAppMeasurement/AdIdSupport (= 8.6.0)
    - GoogleUtilities/AppDelegateSwizzler (~> 7.4)
    - GoogleUtilities/MethodSwizzler (~> 7.4)
    - GoogleUtilities/Network (~> 7.4)
    - "GoogleUtilities/NSData+zlib (~> 7.4)"
    - nanopb (~> 2.30908.0)
  - GoogleAppMeasurement/AdIdSupport (8.6.0):
    - GoogleUtilities/AppDelegateSwizzler (~> 7.4)
    - GoogleUtilities/MethodSwizzler (~> 7.4)
    - GoogleUtilities/Network (~> 7.4)
    - "GoogleUtilities/NSData+zlib (~> 7.4)"
    - nanopb (~> 2.30908.0)
  - GoogleDataTransport (9.1.0):
    - GoogleUtilities/Environment (~> 7.2)
    - nanopb (~> 2.30908.0)
    - PromisesObjC (< 3.0, >= 1.2)
  - GoogleUtilities/AppDelegateSwizzler (7.5.1):
    - GoogleUtilities/Environment
    - GoogleUtilities/Logger
    - GoogleUtilities/Network
  - GoogleUtilities/Environment (7.5.1):
    - PromisesObjC (< 3.0, >= 1.2)
  - GoogleUtilities/Logger (7.5.1):
    - GoogleUtilities/Environment
  - GoogleUtilities/MethodSwizzler (7.5.1):
    - GoogleUtilities/Logger
  - GoogleUtilities/Network (7.5.1):
    - GoogleUtilities/Logger
    - "GoogleUtilities/NSData+zlib"
    - GoogleUtilities/Reachability
  - "GoogleUtilities/NSData+zlib (7.5.1)"
  - GoogleUtilities/Reachability (7.5.1):
    - GoogleUtilities/Logger
  - GoogleUtilities/UserDefaults (7.5.1):
    - GoogleUtilities/Logger
  - IQKeyboardManagerSwift (6.3.0)
  - KeychainAccess (3.1.1)
  - Kingfisher (5.15.8):
    - Kingfisher/Core (= 5.15.8)
  - Kingfisher/Core (5.15.8)
  - nanopb (2.30908.0):
    - nanopb/decode (= 2.30908.0)
    - nanopb/encode (= 2.30908.0)
  - nanopb/decode (2.30908.0)
  - nanopb/encode (2.30908.0)
  - ObjcExceptionBridging (1.0.1):
    - ObjcExceptionBridging/ObjcExceptionBridging (= 1.0.1)
  - ObjcExceptionBridging/ObjcExceptionBridging (1.0.1)
  - PromisesObjC (2.0.0)
  - ReachabilitySwift (4.3.0)
  - Reusable (4.0.3):
    - Reusable/Storyboard (= 4.0.3)
    - Reusable/View (= 4.0.3)
  - Reusable/Storyboard (4.0.3)
  - Reusable/View (4.0.3)
  - RxCocoa (4.3.1):
    - RxSwift (~> 4.0)
  - RxDataSources (3.1.0):
    - Differentiator (~> 3.0)
    - RxCocoa (~> 4.0)
    - RxSwift (~> 4.0)
  - RxFlow (1.6.0):
    - RxCocoa (>= 4.2.0)
    - RxSwift (>= 4.2.0)
  - RxSwift (4.3.1)
  - SkeletonView (1.4)
  - SnapKit (5.0.1)
  - SwiftLint (0.27.0)
  - "UITextView+Placeholder (1.4.0)"
  - XCGLogger (7.0.1):
    - XCGLogger/Core (= 7.0.1)
  - XCGLogger/Core (7.0.1):
    - ObjcExceptionBridging
  - XLPagerTabStrip (8.0.1)

DEPENDENCIES:
  - Alamofire (= 4.7.3)
  - CryptoSwift (= 0.12.0)
  - Firebase/Core
  - IQKeyboardManagerSwift (= 6.3.0)
  - KeychainAccess (= 3.1.1)
  - Kingfisher (~> 5.0)
  - ReachabilitySwift
  - Reusable (= 4.0.3)
  - RxCocoa (= 4.3.1)
  - RxDataSources (= 3.1.0)
  - RxFlow (= 1.6.0)
  - RxSwift (= 4.3.1)
  - SkeletonView (= 1.4.0)
  - SnapKit (~> 5.0.0)
  - SwiftLint (= 0.27.0)
  - "UITextView+Placeholder"
  - XCGLogger (~> 7.0.1)
  - XLPagerTabStrip (= 8.0.1)

SPEC REPOS:
  https://github.com/CocoaPods/Specs.git:
    - Alamofire
    - CryptoSwift
    - Differentiator
    - KeychainAccess
    - ReachabilitySwift
    - Reusable
    - RxCocoa
    - RxDataSources
    - RxFlow
    - RxSwift
    - SkeletonView
    - SwiftLint
    - XLPagerTabStrip
  trunk:
    - Firebase
    - FirebaseAnalytics
    - FirebaseCore
    - FirebaseCoreDiagnostics
    - FirebaseInstallations
    - GoogleAppMeasurement
    - GoogleDataTransport
    - GoogleUtilities
    - IQKeyboardManagerSwift
    - Kingfisher
    - nanopb
    - ObjcExceptionBridging
    - PromisesObjC
    - SnapKit
    - "UITextView+Placeholder"
    - XCGLogger

SPEC CHECKSUMS:
  Alamofire: c7287b6e5d7da964a70935e5db17046b7fde6568
  CryptoSwift: 1c07ca50843dd48bc54e6ea53d7a4dba3b645716
  Differentiator: be49ca3408f0ecfc761e4c7763d20c62be01b9ad
  Firebase: e84d95f6d3a91f634abc384f0751c434cb3aecfa
  FirebaseAnalytics: 8f32ae54ad42754f503354782575c4ddfc1425c3
  FirebaseCore: a753c231801f04f5ccd10cc92119ad1b12a61165
  FirebaseCoreDiagnostics: 3721920bde3a9a6d5aa093c1d25e9d3e47f694af
  FirebaseInstallations: 0ede6ffcd215b8f93c19d9b06c1c54e2d4107e98
  GoogleAppMeasurement: 2c0c6e2a7ab3fe730ade6379f732bdefb46f50b0
  GoogleDataTransport: 85fd18ff3019bb85d3f2c551d04c481dedf71fc9
  GoogleUtilities: 3df19e3c24f7bbc291d8b5809aa6b0d41e642437
  IQKeyboardManagerSwift: a8228c257614af98743b4cd8584637025f36358f
  KeychainAccess: 7bd430028059754a3debab3cfc0bd1fc7fb85df3
  Kingfisher: a3c03d702433fa6cfedabb2bddbe076fb8f2e902
  nanopb: a0ba3315591a9ae0a16a309ee504766e90db0c96
  ObjcExceptionBridging: c30e00eb3700467e695faeea30e26e18bd445001
  PromisesObjC: 68159ce6952d93e17b2dfe273b8c40907db5ba58
  ReachabilitySwift: 408477d1b6ed9779dba301953171e017c31241f3
  Reusable: 12b67a60e1f3e8c523cc910795dab733f58fbc7e
  RxCocoa: 78763c7b07d02455598d9fc3c1ad091a28b73635
  RxDataSources: a843bad90c29817f5923ec8163f4af2de084ceb3
  RxFlow: 80ba3d5c5bf5820c5c160cb6b2d533c3038b165d
  RxSwift: fe0fd770a43acdb7d0a53da411c9b892e69bb6e4
  SkeletonView: 50f7a9b04e3a62bd0ae964859c19317fabaea367
  SnapKit: 97b92857e3df3a0c71833cce143274bf6ef8e5eb
  SwiftLint: 3207c1faa2240bf8973b191820a116113cd11073
  "UITextView+Placeholder": d7b0c400921f66523f3a85d74f774512e14f6502
  XCGLogger: 1943831ef907df55108b0b18657953f868de973b
  XLPagerTabStrip: c908b17cbf42fcd2598ee1adfc49bae25444d88a

PODFILE CHECKSUM: b244f9ce2e5e9cc480e5a35ea0291b222aa5538a

COCOAPODS: 1.10.2
